
Microsoft Visual Studio Solution File, Format Version 12.00
# Visual Studio Version 17
VisualStudioVersion = 17.0.31612.314
MinimumVisualStudioVersion = 10.0.40219.1
Project("{FAE04EC0-301F-11D3-BF4B-00C04F79EFBC}") = "VariableProgram", "VariableProgram\VariableProgram.csproj", "{055C8924-CA70-4DB3-904E-B9B58671C78E}"
EndProject
Global
	GlobalSection(SolutionConfigurationPlatforms) = preSolution
		Debug|Any CPU = Debug|Any CPU
		Release|Any CPU = Release|Any CPU
	EndGlobalSection
	GlobalSection(ProjectConfigurationPlatforms) = postSolution
		{055C8924-CA70-4DB3-904E-B9B58671C78E}.Debug|Any CPU.ActiveCfg = Debug|Any CPU
		{055C8924-CA70-4DB3-904E-B9B58671C78E}.Debug|Any CPU.Build.0 = Debug|Any CPU
		{055C8924-CA70-4DB3-904E-B9B58671C78E}.Release|Any CPU.ActiveCfg = Release|Any CPU
		{055C8924-CA70-4DB3-904E-B9B58671C78E}.Release|Any CPU.Build.0 = Release|Any CPU
	EndGlobalSection
	GlobalSection(SolutionProperties) = preSolution
		HideSolutionNode = FALSE
	EndGlobalSection
	GlobalSection(ExtensibilityGlobals) = postSolution
		SolutionGuid = {ABF33F35-6C31-40E8-8FA6-BA624AEBDB8A}
	EndGlobalSection
EndGlobal
